
Microsoft Visual Studio Solution File, Format Version 12.00
# Visual Studio Version 16
VisualStudioVersion = 16.0.30503.244
MinimumVisualStudioVersion = 10.0.40219.1
Project("{9A19103F-16F7-4668-BE54-9A1E7A4F7556}") = "ReactiveMarbles.ObservableEvents.Example", "ReactiveMarbles.ObservableEvents.Example\ReactiveMarbles.ObservableEvents.Example.csproj", "{2AF6CBC6-6EE4-4C99-B769-2A777DE6ADFC}"
EndProject
Project("{9A19103F-16F7-4668-BE54-9A1E7A4F7556}") = "ReactiveMarbles.ObservableEvents.SourceGenerator", "ReactiveMarbles.ObservableEvents.SourceGenerator\ReactiveMarbles.ObservableEvents.SourceGenerator.csproj", "{611C5578-EBDB-4B10-81D1-E7CBEC52D8FB}"
EndProject
Project("{2150E333-8FDC-42A3-9474-1A3956D46DE8}") = "Solution Items", "Solution Items", "{BE609799-D47F-4A3B-9424-AFE67294D6C1}"
	ProjectSection(SolutionItems) = preProject
		..\.editorconfig = ..\.editorconfig
		..\.gitignore = ..\.gitignore
		Directory.Build.props = Directory.Build.props
		Directory.build.targets = Directory.build.targets
		..\LICENSE = ..\LICENSE
		..\README.md = ..\README.md
		stylecop.json = stylecop.json
		..\version.json = ..\version.json
	EndProjectSection
EndProject
Project("{9A19103F-16F7-4668-BE54-9A1E7A4F7556}") = "TesterConsoleApp", "TesterConsoleApp\TesterConsoleApp.csproj", "{26A42A2C-668F-42E6-AC32-CBE740100F92}"
EndProject
Project("{9A19103F-16F7-4668-BE54-9A1E7A4F7556}") = "ReactiveMarbles.ObservableEvents.Tests", "ReactiveMarbles.ObservableEvents.Tests\ReactiveMarbles.ObservableEvents.Tests.csproj", "{F5EC30AD-DC77-4985-9649-E6C2FA97DD5A}"
EndProject
Project("{9A19103F-16F7-4668-BE54-9A1E7A4F7556}") = "ReactiveMarbles.NuGet.Helpers", "ReactiveMarbles.NuGet.Helpers\ReactiveMarbles.NuGet.Helpers.csproj", "{8898C386-7835-487A-BAF1-07FCAC27ADF5}"
EndProject
Global
	GlobalSection(SolutionConfigurationPlatforms) = preSolution
		Debug|Any CPU = Debug|Any CPU
		Release|Any CPU = Release|Any CPU
	EndGlobalSection
	GlobalSection(ProjectConfigurationPlatforms) = postSolution
		{2AF6CBC6-6EE4-4C99-B769-2A777DE6ADFC}.Debug|Any CPU.ActiveCfg = Debug|Any CPU
		{2AF6CBC6-6EE4-4C99-B769-2A777DE6ADFC}.Debug|Any CPU.Build.0 = Debug|Any CPU
		{2AF6CBC6-6EE4-4C99-B769-2A777DE6ADFC}.Release|Any CPU.ActiveCfg = Release|Any CPU
		{2AF6CBC6-6EE4-4C99-B769-2A777DE6ADFC}.Release|Any CPU.Build.0 = Release|Any CPU
		{611C5578-EBDB-4B10-81D1-E7CBEC52D8FB}.Debug|Any CPU.ActiveCfg = Debug|Any CPU
		{611C5578-EBDB-4B10-81D1-E7CBEC52D8FB}.Debug|Any CPU.Build.0 = Debug|Any CPU
		{611C5578-EBDB-4B10-81D1-E7CBEC52D8FB}.Release|Any CPU.ActiveCfg = Release|Any CPU
		{611C5578-EBDB-4B10-81D1-E7CBEC52D8FB}.Release|Any CPU.Build.0 = Release|Any CPU
		{26A42A2C-668F-42E6-AC32-CBE740100F92}.Debug|Any CPU.ActiveCfg = Debug|Any CPU
		{26A42A2C-668F-42E6-AC32-CBE740100F92}.Debug|Any CPU.Build.0 = Debug|Any CPU
		{26A42A2C-668F-42E6-AC32-CBE740100F92}.Release|Any CPU.ActiveCfg = Release|Any CPU
		{26A42A2C-668F-42E6-AC32-CBE740100F92}.Release|Any CPU.Build.0 = Release|Any CPU
		{F5EC30AD-DC77-4985-9649-E6C2FA97DD5A}.Debug|Any CPU.ActiveCfg = Debug|Any CPU
		{F5EC30AD-DC77-4985-9649-E6C2FA97DD5A}.Debug|Any CPU.Build.0 = Debug|Any CPU
		{F5EC30AD-DC77-4985-9649-E6C2FA97DD5A}.Release|Any CPU.ActiveCfg = Release|Any CPU
		{F5EC30AD-DC77-4985-9649-E6C2FA97DD5A}.Release|Any CPU.Build.0 = Release|Any CPU
		{8898C386-7835-487A-BAF1-07FCAC27ADF5}.Debug|Any CPU.ActiveCfg = Debug|Any CPU
		{8898C386-7835-487A-BAF1-07FCAC27ADF5}.Debug|Any CPU.Build.0 = Debug|Any CPU
		{8898C386-7835-487A-BAF1-07FCAC27ADF5}.Release|Any CPU.ActiveCfg = Release|Any CPU
		{8898C386-7835-487A-BAF1-07FCAC27ADF5}.Release|Any CPU.Build.0 = Release|Any CPU
	EndGlobalSection
	GlobalSection(SolutionProperties) = preSolution
		HideSolutionNode = FALSE
	EndGlobalSection
	GlobalSection(ExtensibilityGlobals) = postSolution
		SolutionGuid = {75F2884C-2610-41ED-84E3-191D764376EE}
	EndGlobalSection
EndGlobal
